
Microsoft Visual Studio Solution File, Format Version 12.00
# Visual Studio Version 17
VisualStudioVersion = 17.0.32112.339
MinimumVisualStudioVersion = 10.0.40219.1
Project("{FAE04EC0-301F-11D3-BF4B-00C04F79EFBC}") = "apolowpf", "apolowpf\apolowpf.csproj", "{98139DE4-F9E1-4CAC-BC35-5ABE55B9EB24}"
EndProject
Global
	GlobalSection(SolutionConfigurationPlatforms) = preSolution
		Debug|Any CPU = Debug|Any CPU
		Release|Any CPU = Release|Any CPU
	EndGlobalSection
	GlobalSection(ProjectConfigurationPlatforms) = postSolution
		{98139DE4-F9E1-4CAC-BC35-5ABE55B9EB24}.Debug|Any CPU.ActiveCfg = Debug|Any CPU
		{98139DE4-F9E1-4CAC-BC35-5ABE55B9EB24}.Debug|Any CPU.Build.0 = Debug|Any CPU
		{98139DE4-F9E1-4CAC-BC35-5ABE55B9EB24}.Release|Any CPU.ActiveCfg = Release|Any CPU
		{98139DE4-F9E1-4CAC-BC35-5ABE55B9EB24}.Release|Any CPU.Build.0 = Release|Any CPU
	EndGlobalSection
	GlobalSection(SolutionProperties) = preSolution
		HideSolutionNode = FALSE
	EndGlobalSection
	GlobalSection(ExtensibilityGlobals) = postSolution
		SolutionGuid = {7C9B0F81-BFEB-48F9-B253-08200C696981}
	EndGlobalSection
EndGlobal
